<Solution>
  <Folder Name="/src/">
    <Project Path="src/Phonepads.App/Phonepads.App.csproj" />
    <Project Path="src/Phonepads.Core/Phonepads.Core.csproj" />
    <Project Path="src/Phonepads.Protocol/Phonepads.Protocol.csproj" />
    <Project Path="src/Phonepads.VirtualPads/Phonepads.VirtualPads.csproj" />
  </Folder>
  <Folder Name="/tests/">
    <Project Path="tests/Phonepads.Tests/Phonepads.Tests.csproj" />
  </Folder>
</Solution>
